
Microsoft Visual Studio Solution File, Format Version 12.00
# Visual Studio Version 17
VisualStudioVersion = 17.9.34728.123
MinimumVisualStudioVersion = 10.0.40219.1
Project("{FAE04EC0-301F-11D3-BF4B-00C04F79EFBC}") = "CapaPresentacion", "SoftwareMinimarket\CapaPresentacion.csproj", "{41E9A503-8364-4928-BA30-0A453384FC10}"
EndProject
Project("{FAE04EC0-301F-11D3-BF4B-00C04F79EFBC}") = "CapaDatos", "CapaDatos\CapaDatos.csproj", "{415FE3EE-C23D-4D44-BBAC-C2818AB6A466}"
EndProject
Project("{FAE04EC0-301F-11D3-BF4B-00C04F79EFBC}") = "CapaLogica", "CapaLogica\CapaLogica.csproj", "{2EFDC3FA-2A73-4EF5-959B-3208E76EDA3E}"
EndProject
Project("{FAE04EC0-301F-11D3-BF4B-00C04F79EFBC}") = "CapaEntidad", "CapaEntidad\CapaEntidad.csproj", "{F3FB39C9-D955-4168-8A0B-5D99D2FA235F}"
EndProject
Global
	GlobalSection(SolutionConfigurationPlatforms) = preSolution
		Debug|Any CPU = Debug|Any CPU
		Release|Any CPU = Release|Any CPU
	EndGlobalSection
	GlobalSection(ProjectConfigurationPlatforms) = postSolution
		{41E9A503-8364-4928-BA30-0A453384FC10}.Debug|Any CPU.ActiveCfg = Debug|Any CPU
		{41E9A503-8364-4928-BA30-0A453384FC10}.Debug|Any CPU.Build.0 = Debug|Any CPU
		{41E9A503-8364-4928-BA30-0A453384FC10}.Release|Any CPU.ActiveCfg = Release|Any CPU
		{41E9A503-8364-4928-BA30-0A453384FC10}.Release|Any CPU.Build.0 = Release|Any CPU
		{415FE3EE-C23D-4D44-BBAC-C2818AB6A466}.Debug|Any CPU.ActiveCfg = Debug|Any CPU
		{415FE3EE-C23D-4D44-BBAC-C2818AB6A466}.Debug|Any CPU.Build.0 = Debug|Any CPU
		{415FE3EE-C23D-4D44-BBAC-C2818AB6A466}.Release|Any CPU.ActiveCfg = Release|Any CPU
		{415FE3EE-C23D-4D44-BBAC-C2818AB6A466}.Release|Any CPU.Build.0 = Release|Any CPU
		{2EFDC3FA-2A73-4EF5-959B-3208E76EDA3E}.Debug|Any CPU.ActiveCfg = Debug|Any CPU
		{2EFDC3FA-2A73-4EF5-959B-3208E76EDA3E}.Debug|Any CPU.Build.0 = Debug|Any CPU
		{2EFDC3FA-2A73-4EF5-959B-3208E76EDA3E}.Release|Any CPU.ActiveCfg = Release|Any CPU
		{2EFDC3FA-2A73-4EF5-959B-3208E76EDA3E}.Release|Any CPU.Build.0 = Release|Any CPU
		{F3FB39C9-D955-4168-8A0B-5D99D2FA235F}.Debug|Any CPU.ActiveCfg = Debug|Any CPU
		{F3FB39C9-D955-4168-8A0B-5D99D2FA235F}.Debug|Any CPU.Build.0 = Debug|Any CPU
		{F3FB39C9-D955-4168-8A0B-5D99D2FA235F}.Release|Any CPU.ActiveCfg = Release|Any CPU
		{F3FB39C9-D955-4168-8A0B-5D99D2FA235F}.Release|Any CPU.Build.0 = Release|Any CPU
	EndGlobalSection
	GlobalSection(SolutionProperties) = preSolution
		HideSolutionNode = FALSE
	EndGlobalSection
	GlobalSection(ExtensibilityGlobals) = postSolution
		SolutionGuid = {71175FE6-D182-481C-96E6-9486017E064C}
	EndGlobalSection
EndGlobal
